// !$*UTF8*$!
{
	archiveVersion = 1;
	classes = {
	};
	objectVersion = 48;
	objects = {

/* Begin PBXBuildFile section */
		241726AC1FDEED9C00B07BFE /* AppDelegate.swift in Sources */ = {isa = PBXBuildFile; fileRef = 241726AB1FDEED9C00B07BFE /* AppDelegate.swift */; };
		241726AE1FDEED9C00B07BFE /* ViewController.swift in Sources */ = {isa = PBXBuildFile; fileRef = 241726AD1FDEED9C00B07BFE /* ViewController.swift */; };
		241726B11FDEED9C00B07BFE /* Main.storyboard in Resources */ = {isa = PBXBuildFile; fileRef = 241726AF1FDEED9C00B07BFE /* Main.storyboard */; };
		241726B31FDEED9C00B07BFE /* Assets.xcassets in Resources */ = {isa = PBXBuildFile; fileRef = 241726B21FDEED9C00B07BFE /* Assets.xcassets */; };
		241726B61FDEED9C00B07BFE /* LaunchScreen.storyboard in Resources */ = {isa = PBXBuildFile; fileRef = 241726B41FDEED9C00B07BFE /* LaunchScreen.storyboard */; };
		241726BF1FDEF4A100B07BFE /* SetGame.swift in Sources */ = {isa = PBXBuildFile; fileRef = 241726BE1FDEF4A100B07BFE /* SetGame.swift */; };
		241726C11FDEF4C500B07BFE /* Card.swift in Sources */ = {isa = PBXBuildFile; fileRef = 241726C01FDEF4C500B07BFE /* Card.swift */; };
/* End PBXBuildFile section */

/* Begin PBXFileReference section */
		241726A81FDEED9B00B07BFE /* Set Game.app */ = {isa = PBXFileReference; explicitFileType = wrapper.application; includeInIndex = 0; path = "Set Game.app"; sourceTree = BUILT_PRODUCTS_DIR; };
		241726AB1FDEED9C00B07BFE /* AppDelegate.swift */ = {isa = PBXFileReference; lastKnownFileType = sourcecode.swift; path = AppDelegate.swift; sourceTree = "<group>"; };
		241726AD1FDEED9C00B07BFE /* ViewController.swift */ = {isa = PBXFileReference; lastKnownFileType = sourcecode.swift; path = ViewController.swift; sourceTree = "<group>"; };
		241726B01FDEED9C00B07BFE /* Base */ = {isa = PBXFileReference; lastKnownFileType = file.storyboard; name = Base; path = Base.lproj/Main.storyboard; sourceTree = "<group>"; };
		241726B21FDEED9C00B07BFE /* Assets.xcassets */ = {isa = PBXFileReference; lastKnownFileType = folder.assetcatalog; path = Assets.xcassets; sourceTree = "<group>"; };
		241726B51FDEED9C00B07BFE /* Base */ = {isa = PBXFileReference; lastKnownFileType = file.storyboard; name = Base; path = Base.lproj/LaunchScreen.storyboard; sourceTree = "<group>"; };
		241726B71FDEED9C00B07BFE /* Info.plist */ = {isa = PBXFileReference; lastKnownFileType = text.plist.xml; path = Info.plist; sourceTree = "<group>"; };
		241726BE1FDEF4A100B07BFE /* SetGame.swift */ = {isa = PBXFileReference; lastKnownFileType = sourcecode.swift; path = SetGame.swift; sourceTree = "<group>"; };
		241726C01FDEF4C500B07BFE /* Card.swift */ = {isa = PBXFileReference; lastKnownFileType = sourcecode.swift; path = Card.swift; sourceTree = "<group>"; };
/* End PBXFileReference section */

/* Begin PBXFrameworksBuildPhase section */
		241726A51FDEED9B00B07BFE /* Frameworks */ = {
			isa = PBXFrameworksBuildPhase;
			buildActionMask = 2147483647;
			files = (
			);
			runOnlyForDeploymentPostprocessing = 0;
		};
/* End PBXFrameworksBuildPhase section */

/* Begin PBXGroup section */
		2417269F1FDEED9B00B07BFE = {
			isa = PBXGroup;
			children = (
				241726AA1FDEED9B00B07BFE /* Set Game */,
				241726A91FDEED9B00B07BFE /* Products */,
			);
			sourceTree = "<group>";
		};
		241726A91FDEED9B00B07BFE /* Products */ = {
			isa = PBXGroup;
			children = (
				241726A81FDEED9B00B07BFE /* Set Game.app */,
			);
			name = Products;
			sourceTree = "<group>";
		};
		241726AA1FDEED9B00B07BFE /* Set Game */ = {
			isa = PBXGroup;
			children = (
				241726BD1FDEEDB700B07BFE /* Supporting Files */,
				241726AD1FDEED9C00B07BFE /* ViewController.swift */,
				241726BE1FDEF4A100B07BFE /* SetGame.swift */,
				241726C01FDEF4C500B07BFE /* Card.swift */,
				241726AF1FDEED9C00B07BFE /* Main.storyboard */,
				241726B71FDEED9C00B07BFE /* Info.plist */,
			);
			path = "Set Game";
			sourceTree = "<group>";
		};
		241726BD1FDEEDB700B07BFE /* Supporting Files */ = {
			isa = PBXGroup;
			children = (
				241726AB1FDEED9C00B07BFE /* AppDelegate.swift */,
				241726B21FDEED9C00B07BFE /* Assets.xcassets */,
				241726B41FDEED9C00B07BFE /* LaunchScreen.storyboard */,
			);
			path = "Supporting Files";
			sourceTree = "<group>";
		};
/* End PBXGroup section */

/* Begin PBXNativeTarget section */
		241726A71FDEED9B00B07BFE /* Set Game */ = {
			isa = PBXNativeTarget;
			buildConfigurationList = 241726BA1FDEED9C00B07BFE /* Build configuration list for PBXNativeTarget "Set Game" */;
			buildPhases = (
				241726A41FDEED9B00B07BFE /* Sources */,
				241726A51FDEED9B00B07BFE /* Frameworks */,
				241726A61FDEED9B00B07BFE /* Resources */,
			);
			buildRules = (
			);
			dependencies = (
			);
			name = "Set Game";
			productName = "Set Game";
			productReference = 241726A81FDEED9B00B07BFE /* Set Game.app */;
			productType = "com.apple.product-type.application";
		};
/* End PBXNativeTarget section */

/* Begin PBXProject section */
		241726A01FDEED9B00B07BFE /* Project object */ = {
			isa = PBXProject;
			attributes = {
				LastSwiftUpdateCheck = 0920;
				LastUpgradeCheck = 0920;
				ORGANIZATIONNAME = Adrian;
				TargetAttributes = {
					241726A71FDEED9B00B07BFE = {
						CreatedOnToolsVersion = 9.2;
						ProvisioningStyle = Automatic;
					};
				};
			};
			buildConfigurationList = 241726A31FDEED9B00B07BFE /* Build configuration list for PBXProject "Set Game" */;
			compatibilityVersion = "Xcode 8.0";
			developmentRegion = en;
			hasScannedForEncodings = 0;
			knownRegions = (
				en,
				Base,
			);
			mainGroup = 2417269F1FDEED9B00B07BFE;
			productRefGroup = 241726A91FDEED9B00B07BFE /* Products */;
			projectDirPath = "";
			projectRoot = "";
			targets = (
				241726A71FDEED9B00B07BFE /* Set Game */,
			);
		};
/* End PBXProject section */

/* Begin PBXResourcesBuildPhase section */
		241726A61FDEED9B00B07BFE /* Resources */ = {
			isa = PBXResourcesBuildPhase;
			buildActionMask = 2147483647;
			files = (
				241726B61FDEED9C00B07BFE /* LaunchScreen.storyboard in Resources */,
				241726B31FDEED9C00B07BFE /* Assets.xcassets in Resources */,
				241726B11FDEED9C00B07BFE /* Main.storyboard in Resources */,
			);
			runOnlyForDeploymentPostprocessing = 0;
		};
/* End PBXResourcesBuildPhase section */

/* Begin PBXSourcesBuildPhase section */
		241726A41FDEED9B00B07BFE /* Sources */ = {
			isa = PBXSourcesBuildPhase;
			buildActionMask = 2147483647;
			files = (
				241726AE1FDEED9C00B07BFE /* ViewController.swift in Sources */,
				241726BF1FDEF4A100B07BFE /* SetGame.swift in Sources */,
				241726AC1FDEED9C00B07BFE /* AppDelegate.swift in Sources */,
				241726C11FDEF4C500B07BFE /* Card.swift in Sources */,
			);
			runOnlyForDeploymentPostprocessing = 0;
		};
/* End PBXSourcesBuildPhase section */

/* Begin PBXVariantGroup section */
		241726AF1FDEED9C00B07BFE /* Main.storyboard */ = {
			isa = PBXVariantGroup;
			children = (
				241726B01FDEED9C00B07BFE /* Base */,
			);
			name = Main.storyboard;
			sourceTree = "<group>";
		};
		241726B41FDEED9C00B07BFE /* LaunchScreen.storyboard */ = {
			isa = PBXVariantGroup;
			children = (
				241726B51FDEED9C00B07BFE /* Base */,
			);
			name = LaunchScreen.storyboard;
			sourceTree = "<group>";
		};
/* End PBXVariantGroup section */

/* Begin XCBuildConfiguration section */
		241726B81FDEED9C00B07BFE /* Debug */ = {
			isa = XCBuildConfiguration;
			buildSettings = {
				ALWAYS_SEARCH_USER_PATHS = NO;
				CLANG_ANALYZER_NONNULL = YES;
				CLANG_ANALYZER_NUMBER_OBJECT_CONVERSION = YES_AGGRESSIVE;
				CLANG_CXX_LANGUAGE_STANDARD = "gnu++14";
				CLANG_CXX_LIBRARY = "libc++";
				CLANG_ENABLE_MODULES = YES;
				CLANG_ENABLE_OBJC_ARC = YES;
				CLANG_WARN_BLOCK_CAPTURE_AUTORELEASING = YES;
				CLANG_WARN_BOOL_CONVERSION = YES;
				CLANG_WARN_COMMA = YES;
				CLANG_WARN_CONSTANT_CONVERSION = YES;
				CLANG_WARN_DIRECT_OBJC_ISA_USAGE = YES_ERROR;
				CLANG_WARN_DOCUMENTATION_COMMENTS = YES;
				CLANG_WARN_EMPTY_BODY = YES;
				CLANG_WARN_ENUM_CONVERSION = YES;
				CLANG_WARN_INFINITE_RECURSION = YES;
				CLANG_WARN_INT_CONVERSION = YES;
				CLANG_WARN_NON_LITERAL_NULL_CONVERSION = YES;
				CLANG_WARN_OBJC_LITERAL_CONVERSION = YES;
				CLANG_WARN_OBJC_ROOT_CLASS = YES_ERROR;
				CLANG_WARN_RANGE_LOOP_ANALYSIS = YES;
				CLANG_WARN_STRICT_PROTOTYPES = YES;
				CLANG_WARN_SUSPICIOUS_MOVE = YES;
				CLANG_WARN_UNGUARDED_AVAILABILITY = YES_AGGRESSIVE;
				CLANG_WARN_UNREACHABLE_CODE = YES;
				CLANG_WARN__DUPLICATE_METHOD_MATCH = YES;
				CODE_SIGN_IDENTITY = "iPhone Developer";
				COPY_PHASE_STRIP = NO;
				DEBUG_INFORMATION_FORMAT = dwarf;
				ENABLE_STRICT_OBJC_MSGSEND = YES;
				ENABLE_TESTABILITY = YES;
				GCC_C_LANGUAGE_STANDARD = gnu11;
				GCC_DYNAMIC_NO_PIC = NO;
				GCC_NO_COMMON_BLOCKS = YES;
				GCC_OPTIMIZATION_LEVEL = 0;
				GCC_PREPROCESSOR_DEFINITIONS = (
					"DEBUG=1",
					"$(inherited)",
				);
				GCC_WARN_64_TO_32_BIT_CONVERSION = YES;
				GCC_WARN_ABOUT_RETURN_TYPE = YES_ERROR;
				GCC_WARN_UNDECLARED_SELECTOR = YES;
				GCC_WARN_UNINITIALIZED_AUTOS = YES_AGGRESSIVE;
				GCC_WARN_UNUSED_FUNCTION = YES;
				GCC_WARN_UNUSED_VARIABLE = YES;
				IPHONEOS_DEPLOYMENT_TARGET = 11.2;
				MTL_ENABLE_DEBUG_INFO = YES;
				ONLY_ACTIVE_ARCH = YES;
				SDKROOT = iphoneos;
				SWIFT_ACTIVE_COMPILATION_CONDITIONS = DEBUG;
				SWIFT_OPTIMIZATION_LEVEL = "-Onone";
			};
			name = Debug;
		};
		241726B91FDEED9C00B07BFE /* Release */ = {
			isa = XCBuildConfiguration;
			buildSettings = {
				ALWAYS_SEARCH_USER_PATHS = NO;
				CLANG_ANALYZER_NONNULL = YES;
				CLANG_ANALYZER_NUMBER_OBJECT_CONVERSION = YES_AGGRESSIVE;
				CLANG_CXX_LANGUAGE_STANDARD = "gnu++14";
				CLANG_CXX_LIBRARY = "libc++";
				CLANG_ENABLE_MODULES = YES;
				CLANG_ENABLE_OBJC_ARC = YES;
				CLANG_WARN_BLOCK_CAPTURE_AUTORELEASING = YES;
				CLANG_WARN_BOOL_CONVERSION = YES;
				CLANG_WARN_COMMA = YES;
				CLANG_WARN_CONSTANT_CONVERSION = YES;
				CLANG_WARN_DIRECT_OBJC_ISA_USAGE = YES_ERROR;
				CLANG_WARN_DOCUMENTATION_COMMENTS = YES;
				CLANG_WARN_EMPTY_BODY = YES;
				CLANG_WARN_ENUM_CONVERSION = YES;
				CLANG_WARN_INFINITE_RECURSION = YES;
				CLANG_WARN_INT_CONVERSION = YES;
				CLANG_WARN_NON_LITERAL_NULL_CONVERSION = YES;
				CLANG_WARN_OBJC_LITERAL_CONVERSION = YES;
				CLANG_WARN_OBJC_ROOT_CLASS = YES_ERROR;
				CLANG_WARN_RANGE_LOOP_ANALYSIS = YES;
				CLANG_WARN_STRICT_PROTOTYPES = YES;
				CLANG_WARN_SUSPICIOUS_MOVE = YES;
				CLANG_WARN_UNGUARDED_AVAILABILITY = YES_AGGRESSIVE;
				CLANG_WARN_UNREACHABLE_CODE = YES;
				CLANG_WARN__DUPLICATE_METHOD_MATCH = YES;
				CODE_SIGN_IDENTITY = "iPhone Developer";
				COPY_PHASE_STRIP = NO;
				DEBUG_INFORMATION_FORMAT = "dwarf-with-dsym";
				ENABLE_NS_ASSERTIONS = NO;
				ENABLE_STRICT_OBJC_MSGSEND = YES;
				GCC_C_LANGUAGE_STANDARD = gnu11;
				GCC_NO_COMMON_BLOCKS = YES;
				GCC_WARN_64_TO_32_BIT_CONVERSION = YES;
				GCC_WARN_ABOUT_RETURN_TYPE = YES_ERROR;
				GCC_WARN_UNDECLARED_SELECTOR = YES;
				GCC_WARN_UNINITIALIZED_AUTOS = YES_AGGRESSIVE;
				GCC_WARN_UNUSED_FUNCTION = YES;
				GCC_WARN_UNUSED_VARIABLE = YES;
				IPHONEOS_DEPLOYMENT_TARGET = 11.2;
				MTL_ENABLE_DEBUG_INFO = NO;
				SDKROOT = iphoneos;
				SWIFT_OPTIMIZATION_LEVEL = "-Owholemodule";
				VALIDATE_PRODUCT = YES;
			};
			name = Release;
		};
		241726BB1FDEED9C00B07BFE /* Debug */ = {
			isa = XCBuildConfiguration;
			buildSettings = {
				ASSETCATALOG_COMPILER_APPICON_NAME = AppIcon;
				CODE_SIGN_STYLE = Automatic;
				DEVELOPMENT_TEAM = 7VCRZ3W3V8;
				INFOPLIST_FILE = "Set Game/Info.plist";
				IPHONEOS_DEPLOYMENT_TARGET = 11.2;
				LD_RUNPATH_SEARCH_PATHS = "$(inherited) @executable_path/Frameworks";
				PRODUCT_BUNDLE_IDENTIFIER = "com.rd14n.Set-Game";
				PRODUCT_NAME = "$(TARGET_NAME)";
				SWIFT_VERSION = 4.0;
				TARGETED_DEVICE_FAMILY = "1,2";
			};
			name = Debug;
		};
		241726BC1FDEED9C00B07BFE /* Release */ = {
			isa = XCBuildConfiguration;
			buildSettings = {
				ASSETCATALOG_COMPILER_APPICON_NAME = AppIcon;
				CODE_SIGN_STYLE = Automatic;
				DEVELOPMENT_TEAM = 7VCRZ3W3V8;
				INFOPLIST_FILE = "Set Game/Info.plist";
				IPHONEOS_DEPLOYMENT_TARGET = 11.2;
				LD_RUNPATH_SEARCH_PATHS = "$(inherited) @executable_path/Frameworks";
				PRODUCT_BUNDLE_IDENTIFIER = "com.rd14n.Set-Game";
				PRODUCT_NAME = "$(TARGET_NAME)";
				SWIFT_VERSION = 4.0;
				TARGETED_DEVICE_FAMILY = "1,2";
			};
			name = Release;
		};
/* End XCBuildConfiguration section */

/* Begin XCConfigurationList section */
		241726A31FDEED9B00B07BFE /* Build configuration list for PBXProject "Set Game" */ = {
			isa = XCConfigurationList;
			buildConfigurations = (
				241726B81FDEED9C00B07BFE /* Debug */,
				241726B91FDEED9C00B07BFE /* Release */,
			);
			defaultConfigurationIsVisible = 0;
			defaultConfigurationName = Release;
		};
		241726BA1FDEED9C00B07BFE /* Build configuration list for PBXNativeTarget "Set Game" */ = {
			isa = XCConfigurationList;
			buildConfigurations = (
				241726BB1FDEED9C00B07BFE /* Debug */,
				241726BC1FDEED9C00B07BFE /* Release */,
			);
			defaultConfigurationIsVisible = 0;
			defaultConfigurationName = Release;
		};
/* End XCConfigurationList section */
	};
	rootObject = 241726A01FDEED9B00B07BFE /* Project object */;
}
